
Microsoft Visual Studio Solution File, Format Version 12.00
# Visual Studio 15
VisualStudioVersion = 15.0.27703.2035
MinimumVisualStudioVersion = 10.0.40219.1
Project("{FAE04EC0-301F-11D3-BF4B-00C04F79EFBC}") = "KomodoGreen.UI", "KomodoGreen\KomodoGreen.UI.csproj", "{1B8AB3A8-1A74-4DA6-87DE-56A5FE477F0A}"
EndProject
Project("{FAE04EC0-301F-11D3-BF4B-00C04F79EFBC}") = "KomodoGreen.Bizz", "KomodoGreen.Bizz\KomodoGreen.Bizz.csproj", "{BE201C1A-17BA-45C6-BB4E-89982ECBE789}"
EndProject
Project("{FAE04EC0-301F-11D3-BF4B-00C04F79EFBC}") = "KomodoContracts", "KomodoContracts\KomodoContracts.csproj", "{EA7CAFA4-C189-40FC-8403-3718CA6AF108}"
EndProject
Project("{FAE04EC0-301F-11D3-BF4B-00C04F79EFBC}") = "Komodo.Data", "Komodo.Data\Komodo.Data.csproj", "{95438909-4A78-4657-958E-830BD1E946FB}"
EndProject
Project("{FAE04EC0-301F-11D3-BF4B-00C04F79EFBC}") = "Komodo_Green.UnitTest", "Komodo_Green.UnitTest\Komodo_Green.UnitTest.csproj", "{4BF43F7B-59F9-425C-AC5E-63618D63444B}"
EndProject
Global
	GlobalSection(SolutionConfigurationPlatforms) = preSolution
		Debug|Any CPU = Debug|Any CPU
		Release|Any CPU = Release|Any CPU
	EndGlobalSection
	GlobalSection(ProjectConfigurationPlatforms) = postSolution
		{1B8AB3A8-1A74-4DA6-87DE-56A5FE477F0A}.Debug|Any CPU.ActiveCfg = Debug|Any CPU
		{1B8AB3A8-1A74-4DA6-87DE-56A5FE477F0A}.Debug|Any CPU.Build.0 = Debug|Any CPU
		{1B8AB3A8-1A74-4DA6-87DE-56A5FE477F0A}.Release|Any CPU.ActiveCfg = Release|Any CPU
		{1B8AB3A8-1A74-4DA6-87DE-56A5FE477F0A}.Release|Any CPU.Build.0 = Release|Any CPU
		{BE201C1A-17BA-45C6-BB4E-89982ECBE789}.Debug|Any CPU.ActiveCfg = Debug|Any CPU
		{BE201C1A-17BA-45C6-BB4E-89982ECBE789}.Debug|Any CPU.Build.0 = Debug|Any CPU
		{BE201C1A-17BA-45C6-BB4E-89982ECBE789}.Release|Any CPU.ActiveCfg = Release|Any CPU
		{BE201C1A-17BA-45C6-BB4E-89982ECBE789}.Release|Any CPU.Build.0 = Release|Any CPU
		{EA7CAFA4-C189-40FC-8403-3718CA6AF108}.Debug|Any CPU.ActiveCfg = Debug|Any CPU
		{EA7CAFA4-C189-40FC-8403-3718CA6AF108}.Debug|Any CPU.Build.0 = Debug|Any CPU
		{EA7CAFA4-C189-40FC-8403-3718CA6AF108}.Release|Any CPU.ActiveCfg = Release|Any CPU
		{EA7CAFA4-C189-40FC-8403-3718CA6AF108}.Release|Any CPU.Build.0 = Release|Any CPU
		{95438909-4A78-4657-958E-830BD1E946FB}.Debug|Any CPU.ActiveCfg = Debug|Any CPU
		{95438909-4A78-4657-958E-830BD1E946FB}.Debug|Any CPU.Build.0 = Debug|Any CPU
		{95438909-4A78-4657-958E-830BD1E946FB}.Release|Any CPU.ActiveCfg = Release|Any CPU
		{95438909-4A78-4657-958E-830BD1E946FB}.Release|Any CPU.Build.0 = Release|Any CPU
		{4BF43F7B-59F9-425C-AC5E-63618D63444B}.Debug|Any CPU.ActiveCfg = Debug|Any CPU
		{4BF43F7B-59F9-425C-AC5E-63618D63444B}.Debug|Any CPU.Build.0 = Debug|Any CPU
		{4BF43F7B-59F9-425C-AC5E-63618D63444B}.Release|Any CPU.ActiveCfg = Release|Any CPU
		{4BF43F7B-59F9-425C-AC5E-63618D63444B}.Release|Any CPU.Build.0 = Release|Any CPU
	EndGlobalSection
	GlobalSection(SolutionProperties) = preSolution
		HideSolutionNode = FALSE
	EndGlobalSection
	GlobalSection(ExtensibilityGlobals) = postSolution
		SolutionGuid = {D188CBC0-0D52-43D0-B9A9-1E391D442590}
	EndGlobalSection
EndGlobal
